# THIS IS AN AUTOGENERATED FILE. DO NOT EDIT THIS FILE DIRECTLY.
# yarn lockfile v1


"@bullbitcoin/sdk@0.1.7":
  version "0.1.7"
  resolved "https://registry.yarnpkg.com/@bullbitcoin/sdk/-/sdk-0.1.7.tgz#81b854459a22cf9a074efbf0092172815e90e1f4"
  integrity sha512-O55DG4uYHanhu4p738ZGb5X3cfU5fHUyIHXRf2sdxsnmS6XXvOnsf3Uj+Cx6+qOpTtLOTPu6yH55CQxOF6GrRw==

typescript@^5.4.2:
  version "5.4.2"
  resolved "https://registry.yarnpkg.com/typescript/-/typescript-5.4.2.tgz#0ae9cebcfae970718474fe0da2c090cad6577372"
  integrity sha512-+2/g0Fds1ERlP6JsakQQDXjZdZMM+rqpamFZJEKh4kwTIn3iDkgKtby0CeNd5ATNZ4Ry1ax15TMx0W2V+miizQ==
