# THIS IS AN AUTOGENERATED FILE. DO NOT EDIT THIS FILE DIRECTLY.
# yarn lockfile v1


"@bullbitcoin/sdk@0.1.6":
  version "0.1.6"
  resolved "https://registry.yarnpkg.com/@bullbitcoin/sdk/-/sdk-0.1.6.tgz#90c601b5a360f9aa483043d073010e7f6303c1ce"
  integrity sha512-L/w/huawN0F3m2DxplawWU2tbvFz1Znu8711LiaqBtblReMdxto/orXtwM7G+w6z75NIlBvLqqbC0kKJOL1GcA==

typescript@^5.4.2:
  version "5.4.2"
  resolved "https://registry.yarnpkg.com/typescript/-/typescript-5.4.2.tgz#0ae9cebcfae970718474fe0da2c090cad6577372"
  integrity sha512-+2/g0Fds1ERlP6JsakQQDXjZdZMM+rqpamFZJEKh4kwTIn3iDkgKtby0CeNd5ATNZ4Ry1ax15TMx0W2V+miizQ==
