# THIS IS AN AUTOGENERATED FILE. DO NOT EDIT THIS FILE DIRECTLY.
# yarn lockfile v1


"@bullbitcoin/sdk@^0.1.4":
  version "0.1.4"
  resolved "https://registry.yarnpkg.com/@bullbitcoin/sdk/-/sdk-0.1.4.tgz#8aac689c4953baec36754f9fafbd766372132a5e"
  integrity sha512-KzrEZ3BKpjO9Lvbyjwj1UzOVj1jeYT3agLjktb2cXYWck/JZ+P+SgnUNDYrzmJYYg0zMdOL4cCU6oeVdzn2ebw==

typescript@^5.4.2:
  version "5.4.2"
  resolved "https://registry.yarnpkg.com/typescript/-/typescript-5.4.2.tgz#0ae9cebcfae970718474fe0da2c090cad6577372"
  integrity sha512-+2/g0Fds1ERlP6JsakQQDXjZdZMM+rqpamFZJEKh4kwTIn3iDkgKtby0CeNd5ATNZ4Ry1ax15TMx0W2V+miizQ==
